
Microsoft Visual Studio Solution File, Format Version 12.00
# Visual Studio 15
VisualStudioVersion = 15.0.27004.2002
MinimumVisualStudioVersion = 10.0.40219.1
Project("{FAE04EC0-301F-11D3-BF4B-00C04F79EFBC}") = "aXe.Website", "aXe.Website\aXe.Website.csproj", "{62AD739C-44A3-4ACB-B128-780F1AA73249}"
EndProject
Project("{FAE04EC0-301F-11D3-BF4B-00C04F79EFBC}") = "aXe.WebhostHandler", "aXe.WebhostHandler\aXe.WebhostHandler.csproj", "{07C05227-C9A6-4227-8B33-6DF7BDB5E299}"
EndProject
Global
	GlobalSection(SolutionConfigurationPlatforms) = preSolution
		Debug|Any CPU = Debug|Any CPU
		Release|Any CPU = Release|Any CPU
	EndGlobalSection
	GlobalSection(ProjectConfigurationPlatforms) = postSolution
		{62AD739C-44A3-4ACB-B128-780F1AA73249}.Debug|Any CPU.ActiveCfg = Debug|Any CPU
		{62AD739C-44A3-4ACB-B128-780F1AA73249}.Debug|Any CPU.Build.0 = Debug|Any CPU
		{62AD739C-44A3-4ACB-B128-780F1AA73249}.Release|Any CPU.ActiveCfg = Release|Any CPU
		{62AD739C-44A3-4ACB-B128-780F1AA73249}.Release|Any CPU.Build.0 = Release|Any CPU
		{07C05227-C9A6-4227-8B33-6DF7BDB5E299}.Debug|Any CPU.ActiveCfg = Debug|Any CPU
		{07C05227-C9A6-4227-8B33-6DF7BDB5E299}.Debug|Any CPU.Build.0 = Debug|Any CPU
		{07C05227-C9A6-4227-8B33-6DF7BDB5E299}.Release|Any CPU.ActiveCfg = Release|Any CPU
		{07C05227-C9A6-4227-8B33-6DF7BDB5E299}.Release|Any CPU.Build.0 = Release|Any CPU
	EndGlobalSection
	GlobalSection(SolutionProperties) = preSolution
		HideSolutionNode = FALSE
	EndGlobalSection
	GlobalSection(ExtensibilityGlobals) = postSolution
		SolutionGuid = {0BDFD305-1D70-4748-B1BF-C2F176E31060}
	EndGlobalSection
EndGlobal
